
Microsoft Visual Studio Solution File, Format Version 12.00
# Visual Studio 15
VisualStudioVersion = 15.0.27004.2006
MinimumVisualStudioVersion = 10.0.40219.1
Project("{FAE04EC0-301F-11D3-BF4B-00C04F79EFBC}") = "Zialinski_task_NUnit", "Zialinski_task_NUnit\Zialinski_task_NUnit.csproj", "{63EB8EC9-F5E6-4EBA-8C7D-14F74A75F914}"
EndProject
Global
	GlobalSection(SolutionConfigurationPlatforms) = preSolution
		Debug|Any CPU = Debug|Any CPU
		Release|Any CPU = Release|Any CPU
	EndGlobalSection
	GlobalSection(ProjectConfigurationPlatforms) = postSolution
		{63EB8EC9-F5E6-4EBA-8C7D-14F74A75F914}.Debug|Any CPU.ActiveCfg = Debug|Any CPU
		{63EB8EC9-F5E6-4EBA-8C7D-14F74A75F914}.Debug|Any CPU.Build.0 = Debug|Any CPU
		{63EB8EC9-F5E6-4EBA-8C7D-14F74A75F914}.Release|Any CPU.ActiveCfg = Release|Any CPU
		{63EB8EC9-F5E6-4EBA-8C7D-14F74A75F914}.Release|Any CPU.Build.0 = Release|Any CPU
	EndGlobalSection
	GlobalSection(SolutionProperties) = preSolution
		HideSolutionNode = FALSE
	EndGlobalSection
	GlobalSection(ExtensibilityGlobals) = postSolution
		SolutionGuid = {0A09795E-8870-42FD-BB9E-E0CE2154292D}
	EndGlobalSection
EndGlobal
